
Microsoft Visual Studio Solution File, Format Version 12.00
# Visual Studio Version 17
VisualStudioVersion = 17.14.36518.9
MinimumVisualStudioVersion = 10.0.40219.1
Project("{8BC9CEB8-8B4A-11D0-8D11-00A0C91BC942}") = "systprakt9", "systprakt9\systprakt9.vcxproj", "{A0F64B8F-6A7E-4D6F-BACF-1AD5757F01F0}"
EndProject
Project("{8BC9CEB8-8B4A-11D0-8D11-00A0C91BC942}") = "childprocess", "childprocess\childprocess.vcxproj", "{5174B5D2-2AD4-4D9C-9DE6-D6EE023D6DB1}"
EndProject
Global
	GlobalSection(SolutionConfigurationPlatforms) = preSolution
		Debug|x64 = Debug|x64
		Debug|x86 = Debug|x86
		Release|x64 = Release|x64
		Release|x86 = Release|x86
	EndGlobalSection
	GlobalSection(ProjectConfigurationPlatforms) = postSolution
		{A0F64B8F-6A7E-4D6F-BACF-1AD5757F01F0}.Debug|x64.ActiveCfg = Debug|x64
		{A0F64B8F-6A7E-4D6F-BACF-1AD5757F01F0}.Debug|x64.Build.0 = Debug|x64
		{A0F64B8F-6A7E-4D6F-BACF-1AD5757F01F0}.Debug|x86.ActiveCfg = Debug|Win32
		{A0F64B8F-6A7E-4D6F-BACF-1AD5757F01F0}.Debug|x86.Build.0 = Debug|Win32
		{A0F64B8F-6A7E-4D6F-BACF-1AD5757F01F0}.Release|x64.ActiveCfg = Release|x64
		{A0F64B8F-6A7E-4D6F-BACF-1AD5757F01F0}.Release|x64.Build.0 = Release|x64
		{A0F64B8F-6A7E-4D6F-BACF-1AD5757F01F0}.Release|x86.ActiveCfg = Release|Win32
		{A0F64B8F-6A7E-4D6F-BACF-1AD5757F01F0}.Release|x86.Build.0 = Release|Win32
		{5174B5D2-2AD4-4D9C-9DE6-D6EE023D6DB1}.Debug|x64.ActiveCfg = Debug|x64
		{5174B5D2-2AD4-4D9C-9DE6-D6EE023D6DB1}.Debug|x64.Build.0 = Debug|x64
		{5174B5D2-2AD4-4D9C-9DE6-D6EE023D6DB1}.Debug|x86.ActiveCfg = Debug|Win32
		{5174B5D2-2AD4-4D9C-9DE6-D6EE023D6DB1}.Debug|x86.Build.0 = Debug|Win32
		{5174B5D2-2AD4-4D9C-9DE6-D6EE023D6DB1}.Release|x64.ActiveCfg = Release|x64
		{5174B5D2-2AD4-4D9C-9DE6-D6EE023D6DB1}.Release|x64.Build.0 = Release|x64
		{5174B5D2-2AD4-4D9C-9DE6-D6EE023D6DB1}.Release|x86.ActiveCfg = Release|Win32
		{5174B5D2-2AD4-4D9C-9DE6-D6EE023D6DB1}.Release|x86.Build.0 = Release|Win32
	EndGlobalSection
	GlobalSection(SolutionProperties) = preSolution
		HideSolutionNode = FALSE
	EndGlobalSection
	GlobalSection(ExtensibilityGlobals) = postSolution
		SolutionGuid = {72FF3121-058E-4594-82C1-FB4B045F8035}
	EndGlobalSection
EndGlobal
